
Microsoft Visual Studio Solution File, Format Version 12.00
# Visual Studio 15
VisualStudioVersion = 15.0.28307.852
MinimumVisualStudioVersion = 10.0.40219.1
Project("{FAE04EC0-301F-11D3-BF4B-00C04F79EFBC}") = "GroupHW2_Try2", "GroupHW2_Try2\GroupHW2_Try2.csproj", "{AF1571B4-5B5D-44D1-B017-BBEEBE929D57}"
EndProject
Global
	GlobalSection(SolutionConfigurationPlatforms) = preSolution
		Debug|Any CPU = Debug|Any CPU
		Release|Any CPU = Release|Any CPU
	EndGlobalSection
	GlobalSection(ProjectConfigurationPlatforms) = postSolution
		{AF1571B4-5B5D-44D1-B017-BBEEBE929D57}.Debug|Any CPU.ActiveCfg = Debug|Any CPU
		{AF1571B4-5B5D-44D1-B017-BBEEBE929D57}.Debug|Any CPU.Build.0 = Debug|Any CPU
		{AF1571B4-5B5D-44D1-B017-BBEEBE929D57}.Release|Any CPU.ActiveCfg = Release|Any CPU
		{AF1571B4-5B5D-44D1-B017-BBEEBE929D57}.Release|Any CPU.Build.0 = Release|Any CPU
	EndGlobalSection
	GlobalSection(SolutionProperties) = preSolution
		HideSolutionNode = FALSE
	EndGlobalSection
	GlobalSection(ExtensibilityGlobals) = postSolution
		SolutionGuid = {830A689E-EEA2-406D-BCCA-7399EAE37763}
	EndGlobalSection
EndGlobal
